// !$*UTF8*$!
{
	archiveVersion = 1;
	classes = {
	};
	objectVersion = 56;
	objects = {

/* Begin PBXBuildFile section */
		40858EC12A5A66BF00626202 /* ISS_JourneyApp.swift in Sources */ = {isa = PBXBuildFile; fileRef = 40858EC02A5A66BF00626202 /* ISS_JourneyApp.swift */; };
		40858EC32A5A66BF00626202 /* ContentView.swift in Sources */ = {isa = PBXBuildFile; fileRef = 40858EC22A5A66BF00626202 /* ContentView.swift */; };
		40858EC52A5A66C000626202 /* Assets.xcassets in Resources */ = {isa = PBXBuildFile; fileRef = 40858EC42A5A66C000626202 /* Assets.xcassets */; };
		40858EC82A5A66C000626202 /* Preview Assets.xcassets in Resources */ = {isa = PBXBuildFile; fileRef = 40858EC72A5A66C000626202 /* Preview Assets.xcassets */; };
		40858ECA2A5A66C000626202 /* Persistence.swift in Sources */ = {isa = PBXBuildFile; fileRef = 40858EC92A5A66C000626202 /* Persistence.swift */; };
		40858ECD2A5A66C000626202 /* ISS_Journey.xcdatamodeld in Sources */ = {isa = PBXBuildFile; fileRef = 40858ECB2A5A66C000626202 /* ISS_Journey.xcdatamodeld */; };
		40858ED82A5A66C000626202 /* ISS_JourneyTests.swift in Sources */ = {isa = PBXBuildFile; fileRef = 40858ED72A5A66C000626202 /* ISS_JourneyTests.swift */; };
		40858EE22A5A66C000626202 /* ISS_JourneyUITests.swift in Sources */ = {isa = PBXBuildFile; fileRef = 40858EE12A5A66C000626202 /* ISS_JourneyUITests.swift */; };
		40858EE42A5A66C000626202 /* ISS_JourneyUITestsLaunchTests.swift in Sources */ = {isa = PBXBuildFile; fileRef = 40858EE32A5A66C000626202 /* ISS_JourneyUITestsLaunchTests.swift */; };
/* End PBXBuildFile section */

/* Begin PBXContainerItemProxy section */
		40858ED42A5A66C000626202 /* PBXContainerItemProxy */ = {
			isa = PBXContainerItemProxy;
			containerPortal = 40858EB52A5A66BF00626202 /* Project object */;
			proxyType = 1;
			remoteGlobalIDString = 40858EBC2A5A66BF00626202;
			remoteInfo = ISS_Journey;
		};
		40858EDE2A5A66C000626202 /* PBXContainerItemProxy */ = {
			isa = PBXContainerItemProxy;
			containerPortal = 40858EB52A5A66BF00626202 /* Project object */;
			proxyType = 1;
			remoteGlobalIDString = 40858EBC2A5A66BF00626202;
			remoteInfo = ISS_Journey;
		};
/* End PBXContainerItemProxy section */

/* Begin PBXFileReference section */
		40858EBD2A5A66BF00626202 /* ISS_Journey.app */ = {isa = PBXFileReference; explicitFileType = wrapper.application; includeInIndex = 0; path = ISS_Journey.app; sourceTree = BUILT_PRODUCTS_DIR; };
		40858EC02A5A66BF00626202 /* ISS_JourneyApp.swift */ = {isa = PBXFileReference; lastKnownFileType = sourcecode.swift; path = ISS_JourneyApp.swift; sourceTree = "<group>"; };
		40858EC22A5A66BF00626202 /* ContentView.swift */ = {isa = PBXFileReference; lastKnownFileType = sourcecode.swift; path = ContentView.swift; sourceTree = "<group>"; };
		40858EC42A5A66C000626202 /* Assets.xcassets */ = {isa = PBXFileReference; lastKnownFileType = folder.assetcatalog; path = Assets.xcassets; sourceTree = "<group>"; };
		40858EC72A5A66C000626202 /* Preview Assets.xcassets */ = {isa = PBXFileReference; lastKnownFileType = folder.assetcatalog; path = "Preview Assets.xcassets"; sourceTree = "<group>"; };
		40858EC92A5A66C000626202 /* Persistence.swift */ = {isa = PBXFileReference; lastKnownFileType = sourcecode.swift; path = Persistence.swift; sourceTree = "<group>"; };
		40858ECC2A5A66C000626202 /* ISS_Journey.xcdatamodel */ = {isa = PBXFileReference; lastKnownFileType = wrapper.xcdatamodel; path = ISS_Journey.xcdatamodel; sourceTree = "<group>"; };
		40858ECE2A5A66C000626202 /* Info.plist */ = {isa = PBXFileReference; lastKnownFileType = text.plist.xml; path = Info.plist; sourceTree = "<group>"; };
		40858ED32A5A66C000626202 /* ISS_JourneyTests.xctest */ = {isa = PBXFileReference; explicitFileType = wrapper.cfbundle; includeInIndex = 0; path = ISS_JourneyTests.xctest; sourceTree = BUILT_PRODUCTS_DIR; };
		40858ED72A5A66C000626202 /* ISS_JourneyTests.swift */ = {isa = PBXFileReference; lastKnownFileType = sourcecode.swift; path = ISS_JourneyTests.swift; sourceTree = "<group>"; };
		40858EDD2A5A66C000626202 /* ISS_JourneyUITests.xctest */ = {isa = PBXFileReference; explicitFileType = wrapper.cfbundle; includeInIndex = 0; path = ISS_JourneyUITests.xctest; sourceTree = BUILT_PRODUCTS_DIR; };
		40858EE12A5A66C000626202 /* ISS_JourneyUITests.swift */ = {isa = PBXFileReference; lastKnownFileType = sourcecode.swift; path = ISS_JourneyUITests.swift; sourceTree = "<group>"; };
		40858EE32A5A66C000626202 /* ISS_JourneyUITestsLaunchTests.swift */ = {isa = PBXFileReference; lastKnownFileType = sourcecode.swift; path = ISS_JourneyUITestsLaunchTests.swift; sourceTree = "<group>"; };
/* End PBXFileReference section */

/* Begin PBXFrameworksBuildPhase section */
		40858EBA2A5A66BF00626202 /* Frameworks */ = {
			isa = PBXFrameworksBuildPhase;
			buildActionMask = 2147483647;
			files = (
			);
			runOnlyForDeploymentPostprocessing = 0;
		};
		40858ED02A5A66C000626202 /* Frameworks */ = {
			isa = PBXFrameworksBuildPhase;
			buildActionMask = 2147483647;
			files = (
			);
			runOnlyForDeploymentPostprocessing = 0;
		};
		40858EDA2A5A66C000626202 /* Frameworks */ = {
			isa = PBXFrameworksBuildPhase;
			buildActionMask = 2147483647;
			files = (
			);
			runOnlyForDeploymentPostprocessing = 0;
		};
/* End PBXFrameworksBuildPhase section */

/* Begin PBXGroup section */
		40858EB42A5A66BF00626202 = {
			isa = PBXGroup;
			children = (
				40858EBF2A5A66BF00626202 /* ISS_Journey */,
				40858ED62A5A66C000626202 /* ISS_JourneyTests */,
				40858EE02A5A66C000626202 /* ISS_JourneyUITests */,
				40858EBE2A5A66BF00626202 /* Products */,
			);
			sourceTree = "<group>";
		};
		40858EBE2A5A66BF00626202 /* Products */ = {
			isa = PBXGroup;
			children = (
				40858EBD2A5A66BF00626202 /* ISS_Journey.app */,
				40858ED32A5A66C000626202 /* ISS_JourneyTests.xctest */,
				40858EDD2A5A66C000626202 /* ISS_JourneyUITests.xctest */,
			);
			name = Products;
			sourceTree = "<group>";
		};
		40858EBF2A5A66BF00626202 /* ISS_Journey */ = {
			isa = PBXGroup;
			children = (
				40858EC02A5A66BF00626202 /* ISS_JourneyApp.swift */,
				40858EC22A5A66BF00626202 /* ContentView.swift */,
				40858EC42A5A66C000626202 /* Assets.xcassets */,
				40858EC92A5A66C000626202 /* Persistence.swift */,
				40858ECE2A5A66C000626202 /* Info.plist */,
				40858ECB2A5A66C000626202 /* ISS_Journey.xcdatamodeld */,
				40858EC62A5A66C000626202 /* Preview Content */,
			);
			path = ISS_Journey;
			sourceTree = "<group>";
		};
		40858EC62A5A66C000626202 /* Preview Content */ = {
			isa = PBXGroup;
			children = (
				40858EC72A5A66C000626202 /* Preview Assets.xcassets */,
			);
			path = "Preview Content";
			sourceTree = "<group>";
		};
		40858ED62A5A66C000626202 /* ISS_JourneyTests */ = {
			isa = PBXGroup;
			children = (
				40858ED72A5A66C000626202 /* ISS_JourneyTests.swift */,
			);
			path = ISS_JourneyTests;
			sourceTree = "<group>";
		};
		40858EE02A5A66C000626202 /* ISS_JourneyUITests */ = {
			isa = PBXGroup;
			children = (
				40858EE12A5A66C000626202 /* ISS_JourneyUITests.swift */,
				40858EE32A5A66C000626202 /* ISS_JourneyUITestsLaunchTests.swift */,
			);
			path = ISS_JourneyUITests;
			sourceTree = "<group>";
		};
/* End PBXGroup section */

/* Begin PBXNativeTarget section */
		40858EBC2A5A66BF00626202 /* ISS_Journey */ = {
			isa = PBXNativeTarget;
			buildConfigurationList = 40858EE72A5A66C000626202 /* Build configuration list for PBXNativeTarget "ISS_Journey" */;
			buildPhases = (
				40858EB92A5A66BF00626202 /* Sources */,
				40858EBA2A5A66BF00626202 /* Frameworks */,
				40858EBB2A5A66BF00626202 /* Resources */,
			);
			buildRules = (
			);
			dependencies = (
			);
			name = ISS_Journey;
			productName = ISS_Journey;
			productReference = 40858EBD2A5A66BF00626202 /* ISS_Journey.app */;
			productType = "com.apple.product-type.application";
		};
		40858ED22A5A66C000626202 /* ISS_JourneyTests */ = {
			isa = PBXNativeTarget;
			buildConfigurationList = 40858EEA2A5A66C000626202 /* Build configuration list for PBXNativeTarget "ISS_JourneyTests" */;
			buildPhases = (
				40858ECF2A5A66C000626202 /* Sources */,
				40858ED02A5A66C000626202 /* Frameworks */,
				40858ED12A5A66C000626202 /* Resources */,
			);
			buildRules = (
			);
			dependencies = (
				40858ED52A5A66C000626202 /* PBXTargetDependency */,
			);
			name = ISS_JourneyTests;
			productName = ISS_JourneyTests;
			productReference = 40858ED32A5A66C000626202 /* ISS_JourneyTests.xctest */;
			productType = "com.apple.product-type.bundle.unit-test";
		};
		40858EDC2A5A66C000626202 /* ISS_JourneyUITests */ = {
			isa = PBXNativeTarget;
			buildConfigurationList = 40858EED2A5A66C000626202 /* Build configuration list for PBXNativeTarget "ISS_JourneyUITests" */;
			buildPhases = (
				40858ED92A5A66C000626202 /* Sources */,
				40858EDA2A5A66C000626202 /* Frameworks */,
				40858EDB2A5A66C000626202 /* Resources */,
			);
			buildRules = (
			);
			dependencies = (
				40858EDF2A5A66C000626202 /* PBXTargetDependency */,
			);
			name = ISS_JourneyUITests;
			productName = ISS_JourneyUITests;
			productReference = 40858EDD2A5A66C000626202 /* ISS_JourneyUITests.xctest */;
			productType = "com.apple.product-type.bundle.ui-testing";
		};
/* End PBXNativeTarget section */

/* Begin PBXProject section */
		40858EB52A5A66BF00626202 /* Project object */ = {
			isa = PBXProject;
			attributes = {
				BuildIndependentTargetsInParallel = 1;
				LastSwiftUpdateCheck = 1430;
				LastUpgradeCheck = 1430;
				TargetAttributes = {
					40858EBC2A5A66BF00626202 = {
						CreatedOnToolsVersion = 14.3.1;
					};
					40858ED22A5A66C000626202 = {
						CreatedOnToolsVersion = 14.3.1;
						TestTargetID = 40858EBC2A5A66BF00626202;
					};
					40858EDC2A5A66C000626202 = {
						CreatedOnToolsVersion = 14.3.1;
						TestTargetID = 40858EBC2A5A66BF00626202;
					};
				};
			};
			buildConfigurationList = 40858EB82A5A66BF00626202 /* Build configuration list for PBXProject "ISS_Journey" */;
			compatibilityVersion = "Xcode 14.0";
			developmentRegion = en;
			hasScannedForEncodings = 0;
			knownRegions = (
				en,
				Base,
			);
			mainGroup = 40858EB42A5A66BF00626202;
			productRefGroup = 40858EBE2A5A66BF00626202 /* Products */;
			projectDirPath = "";
			projectRoot = "";
			targets = (
				40858EBC2A5A66BF00626202 /* ISS_Journey */,
				40858ED22A5A66C000626202 /* ISS_JourneyTests */,
				40858EDC2A5A66C000626202 /* ISS_JourneyUITests */,
			);
		};
/* End PBXProject section */

/* Begin PBXResourcesBuildPhase section */
		40858EBB2A5A66BF00626202 /* Resources */ = {
			isa = PBXResourcesBuildPhase;
			buildActionMask = 2147483647;
			files = (
				40858EC82A5A66C000626202 /* Preview Assets.xcassets in Resources */,
				40858EC52A5A66C000626202 /* Assets.xcassets in Resources */,
			);
			runOnlyForDeploymentPostprocessing = 0;
		};
		40858ED12A5A66C000626202 /* Resources */ = {
			isa = PBXResourcesBuildPhase;
			buildActionMask = 2147483647;
			files = (
			);
			runOnlyForDeploymentPostprocessing = 0;
		};
		40858EDB2A5A66C000626202 /* Resources */ = {
			isa = PBXResourcesBuildPhase;
			buildActionMask = 2147483647;
			files = (
			);
			runOnlyForDeploymentPostprocessing = 0;
		};
/* End PBXResourcesBuildPhase section */

/* Begin PBXSourcesBuildPhase section */
		40858EB92A5A66BF00626202 /* Sources */ = {
			isa = PBXSourcesBuildPhase;
			buildActionMask = 2147483647;
			files = (
				40858ECA2A5A66C000626202 /* Persistence.swift in Sources */,
				40858EC32A5A66BF00626202 /* ContentView.swift in Sources */,
				40858ECD2A5A66C000626202 /* ISS_Journey.xcdatamodeld in Sources */,
				40858EC12A5A66BF00626202 /* ISS_JourneyApp.swift in Sources */,
			);
			runOnlyForDeploymentPostprocessing = 0;
		};
		40858ECF2A5A66C000626202 /* Sources */ = {
			isa = PBXSourcesBuildPhase;
			buildActionMask = 2147483647;
			files = (
				40858ED82A5A66C000626202 /* ISS_JourneyTests.swift in Sources */,
			);
			runOnlyForDeploymentPostprocessing = 0;
		};
		40858ED92A5A66C000626202 /* Sources */ = {
			isa = PBXSourcesBuildPhase;
			buildActionMask = 2147483647;
			files = (
				40858EE22A5A66C000626202 /* ISS_JourneyUITests.swift in Sources */,
				40858EE42A5A66C000626202 /* ISS_JourneyUITestsLaunchTests.swift in Sources */,
			);
			runOnlyForDeploymentPostprocessing = 0;
		};
/* End PBXSourcesBuildPhase section */

/* Begin PBXTargetDependency section */
		40858ED52A5A66C000626202 /* PBXTargetDependency */ = {
			isa = PBXTargetDependency;
			target = 40858EBC2A5A66BF00626202 /* ISS_Journey */;
			targetProxy = 40858ED42A5A66C000626202 /* PBXContainerItemProxy */;
		};
		40858EDF2A5A66C000626202 /* PBXTargetDependency */ = {
			isa = PBXTargetDependency;
			target = 40858EBC2A5A66BF00626202 /* ISS_Journey */;
			targetProxy = 40858EDE2A5A66C000626202 /* PBXContainerItemProxy */;
		};
/* End PBXTargetDependency section */

/* Begin XCBuildConfiguration section */
		40858EE52A5A66C000626202 /* Debug */ = {
			isa = XCBuildConfiguration;
			buildSettings = {
				ALWAYS_SEARCH_USER_PATHS = NO;
				CLANG_ANALYZER_NONNULL = YES;
				CLANG_ANALYZER_NUMBER_OBJECT_CONVERSION = YES_AGGRESSIVE;
				CLANG_CXX_LANGUAGE_STANDARD = "gnu++20";
				CLANG_ENABLE_MODULES = YES;
				CLANG_ENABLE_OBJC_ARC = YES;
				CLANG_ENABLE_OBJC_WEAK = YES;
				CLANG_WARN_BLOCK_CAPTURE_AUTORELEASING = YES;
				CLANG_WARN_BOOL_CONVERSION = YES;
				CLANG_WARN_COMMA = YES;
				CLANG_WARN_CONSTANT_CONVERSION = YES;
				CLANG_WARN_DEPRECATED_OBJC_IMPLEMENTATIONS = YES;
				CLANG_WARN_DIRECT_OBJC_ISA_USAGE = YES_ERROR;
				CLANG_WARN_DOCUMENTATION_COMMENTS = YES;
				CLANG_WARN_EMPTY_BODY = YES;
				CLANG_WARN_ENUM_CONVERSION = YES;
				CLANG_WARN_INFINITE_RECURSION = YES;
				CLANG_WARN_INT_CONVERSION = YES;
				CLANG_WARN_NON_LITERAL_NULL_CONVERSION = YES;
				CLANG_WARN_OBJC_IMPLICIT_RETAIN_SELF = YES;
				CLANG_WARN_OBJC_LITERAL_CONVERSION = YES;
				CLANG_WARN_OBJC_ROOT_CLASS = YES_ERROR;
				CLANG_WARN_QUOTED_INCLUDE_IN_FRAMEWORK_HEADER = YES;
				CLANG_WARN_RANGE_LOOP_ANALYSIS = YES;
				CLANG_WARN_STRICT_PROTOTYPES = YES;
				CLANG_WARN_SUSPICIOUS_MOVE = YES;
				CLANG_WARN_UNGUARDED_AVAILABILITY = YES_AGGRESSIVE;
				CLANG_WARN_UNREACHABLE_CODE = YES;
				CLANG_WARN__DUPLICATE_METHOD_MATCH = YES;
				COPY_PHASE_STRIP = NO;
				DEBUG_INFORMATION_FORMAT = dwarf;
				ENABLE_STRICT_OBJC_MSGSEND = YES;
				ENABLE_TESTABILITY = YES;
				GCC_C_LANGUAGE_STANDARD = gnu11;
				GCC_DYNAMIC_NO_PIC = NO;
				GCC_NO_COMMON_BLOCKS = YES;
				GCC_OPTIMIZATION_LEVEL = 0;
				GCC_PREPROCESSOR_DEFINITIONS = (
					"DEBUG=1",
					"$(inherited)",
				);
				GCC_WARN_64_TO_32_BIT_CONVERSION = YES;
				GCC_WARN_ABOUT_RETURN_TYPE = YES_ERROR;
				GCC_WARN_UNDECLARED_SELECTOR = YES;
				GCC_WARN_UNINITIALIZED_AUTOS = YES_AGGRESSIVE;
				GCC_WARN_UNUSED_FUNCTION = YES;
				GCC_WARN_UNUSED_VARIABLE = YES;
				IPHONEOS_DEPLOYMENT_TARGET = 16.4;
				MTL_ENABLE_DEBUG_INFO = INCLUDE_SOURCE;
				MTL_FAST_MATH = YES;
				ONLY_ACTIVE_ARCH = YES;
				SDKROOT = iphoneos;
				SWIFT_ACTIVE_COMPILATION_CONDITIONS = DEBUG;
				SWIFT_OPTIMIZATION_LEVEL = "-Onone";
			};
			name = Debug;
		};
		40858EE62A5A66C000626202 /* Release */ = {
			isa = XCBuildConfiguration;
			buildSettings = {
				ALWAYS_SEARCH_USER_PATHS = NO;
				CLANG_ANALYZER_NONNULL = YES;
				CLANG_ANALYZER_NUMBER_OBJECT_CONVERSION = YES_AGGRESSIVE;
				CLANG_CXX_LANGUAGE_STANDARD = "gnu++20";
				CLANG_ENABLE_MODULES = YES;
				CLANG_ENABLE_OBJC_ARC = YES;
				CLANG_ENABLE_OBJC_WEAK = YES;
				CLANG_WARN_BLOCK_CAPTURE_AUTORELEASING = YES;
				CLANG_WARN_BOOL_CONVERSION = YES;
				CLANG_WARN_COMMA = YES;
				CLANG_WARN_CONSTANT_CONVERSION = YES;
				CLANG_WARN_DEPRECATED_OBJC_IMPLEMENTATIONS = YES;
				CLANG_WARN_DIRECT_OBJC_ISA_USAGE = YES_ERROR;
				CLANG_WARN_DOCUMENTATION_COMMENTS = YES;
				CLANG_WARN_EMPTY_BODY = YES;
				CLANG_WARN_ENUM_CONVERSION = YES;
				CLANG_WARN_INFINITE_RECURSION = YES;
				CLANG_WARN_INT_CONVERSION = YES;
				CLANG_WARN_NON_LITERAL_NULL_CONVERSION = YES;
				CLANG_WARN_OBJC_IMPLICIT_RETAIN_SELF = YES;
				CLANG_WARN_OBJC_LITERAL_CONVERSION = YES;
				CLANG_WARN_OBJC_ROOT_CLASS = YES_ERROR;
				CLANG_WARN_QUOTED_INCLUDE_IN_FRAMEWORK_HEADER = YES;
				CLANG_WARN_RANGE_LOOP_ANALYSIS = YES;
				CLANG_WARN_STRICT_PROTOTYPES = YES;
				CLANG_WARN_SUSPICIOUS_MOVE = YES;
				CLANG_WARN_UNGUARDED_AVAILABILITY = YES_AGGRESSIVE;
				CLANG_WARN_UNREACHABLE_CODE = YES;
				CLANG_WARN__DUPLICATE_METHOD_MATCH = YES;
				COPY_PHASE_STRIP = NO;
				DEBUG_INFORMATION_FORMAT = "dwarf-with-dsym";
				ENABLE_NS_ASSERTIONS = NO;
				ENABLE_STRICT_OBJC_MSGSEND = YES;
				GCC_C_LANGUAGE_STANDARD = gnu11;
				GCC_NO_COMMON_BLOCKS = YES;
				GCC_WARN_64_TO_32_BIT_CONVERSION = YES;
				GCC_WARN_ABOUT_RETURN_TYPE = YES_ERROR;
				GCC_WARN_UNDECLARED_SELECTOR = YES;
				GCC_WARN_UNINITIALIZED_AUTOS = YES_AGGRESSIVE;
				GCC_WARN_UNUSED_FUNCTION = YES;
				GCC_WARN_UNUSED_VARIABLE = YES;
				IPHONEOS_DEPLOYMENT_TARGET = 16.4;
				MTL_ENABLE_DEBUG_INFO = NO;
				MTL_FAST_MATH = YES;
				SDKROOT = iphoneos;
				SWIFT_COMPILATION_MODE = wholemodule;
				SWIFT_OPTIMIZATION_LEVEL = "-O";
				VALIDATE_PRODUCT = YES;
			};
			name = Release;
		};
		40858EE82A5A66C000626202 /* Debug */ = {
			isa = XCBuildConfiguration;
			buildSettings = {
				ASSETCATALOG_COMPILER_APPICON_NAME = AppIcon;
				ASSETCATALOG_COMPILER_GLOBAL_ACCENT_COLOR_NAME = AccentColor;
				CODE_SIGN_STYLE = Automatic;
				CURRENT_PROJECT_VERSION = 1;
				DEVELOPMENT_ASSET_PATHS = "\"ISS_Journey/Preview Content\"";
				ENABLE_PREVIEWS = YES;
				GENERATE_INFOPLIST_FILE = YES;
				INFOPLIST_KEY_UIApplicationSceneManifest_Generation = YES;
				INFOPLIST_KEY_UIApplicationSupportsIndirectInputEvents = YES;
				INFOPLIST_KEY_UILaunchScreen_Generation = YES;
				INFOPLIST_KEY_UISupportedInterfaceOrientations_iPad = "UIInterfaceOrientationPortrait UIInterfaceOrientationPortraitUpsideDown UIInterfaceOrientationLandscapeLeft UIInterfaceOrientationLandscapeRight";
				INFOPLIST_KEY_UISupportedInterfaceOrientations_iPhone = "UIInterfaceOrientationPortrait UIInterfaceOrientationLandscapeLeft UIInterfaceOrientationLandscapeRight";
				LD_RUNPATH_SEARCH_PATHS = (
					"$(inherited)",
					"@executable_path/Frameworks",
				);
				MARKETING_VERSION = 1.0;
				PRODUCT_BUNDLE_IDENTIFIER = "ISSjourney.ISS-Journey";
				PRODUCT_NAME = "$(TARGET_NAME)";
				SWIFT_EMIT_LOC_STRINGS = YES;
				SWIFT_VERSION = 5.0;
				TARGETED_DEVICE_FAMILY = "1,2";
			};
			name = Debug;
		};
		40858EE92A5A66C000626202 /* Release */ = {
			isa = XCBuildConfiguration;
			buildSettings = {
				ASSETCATALOG_COMPILER_APPICON_NAME = AppIcon;
				ASSETCATALOG_COMPILER_GLOBAL_ACCENT_COLOR_NAME = AccentColor;
				CODE_SIGN_STYLE = Automatic;
				CURRENT_PROJECT_VERSION = 1;
				DEVELOPMENT_ASSET_PATHS = "\"ISS_Journey/Preview Content\"";
				ENABLE_PREVIEWS = YES;
				GENERATE_INFOPLIST_FILE = YES;
				INFOPLIST_KEY_UIApplicationSceneManifest_Generation = YES;
				INFOPLIST_KEY_UIApplicationSupportsIndirectInputEvents = YES;
				INFOPLIST_KEY_UILaunchScreen_Generation = YES;
				INFOPLIST_KEY_UISupportedInterfaceOrientations_iPad = "UIInterfaceOrientationPortrait UIInterfaceOrientationPortraitUpsideDown UIInterfaceOrientationLandscapeLeft UIInterfaceOrientationLandscapeRight";
				INFOPLIST_KEY_UISupportedInterfaceOrientations_iPhone = "UIInterfaceOrientationPortrait UIInterfaceOrientationLandscapeLeft UIInterfaceOrientationLandscapeRight";
				LD_RUNPATH_SEARCH_PATHS = (
					"$(inherited)",
					"@executable_path/Frameworks",
				);
				MARKETING_VERSION = 1.0;
				PRODUCT_BUNDLE_IDENTIFIER = "ISSjourney.ISS-Journey";
				PRODUCT_NAME = "$(TARGET_NAME)";
				SWIFT_EMIT_LOC_STRINGS = YES;
				SWIFT_VERSION = 5.0;
				TARGETED_DEVICE_FAMILY = "1,2";
			};
			name = Release;
		};
		40858EEB2A5A66C000626202 /* Debug */ = {
			isa = XCBuildConfiguration;
			buildSettings = {
				ALWAYS_EMBED_SWIFT_STANDARD_LIBRARIES = YES;
				BUNDLE_LOADER = "$(TEST_HOST)";
				CODE_SIGN_STYLE = Automatic;
				CURRENT_PROJECT_VERSION = 1;
				GENERATE_INFOPLIST_FILE = YES;
				IPHONEOS_DEPLOYMENT_TARGET = 16.4;
				MARKETING_VERSION = 1.0;
				PRODUCT_BUNDLE_IDENTIFIER = "ISSjourney.ISS-JourneyTests";
				PRODUCT_NAME = "$(TARGET_NAME)";
				SWIFT_EMIT_LOC_STRINGS = NO;
				SWIFT_VERSION = 5.0;
				TARGETED_DEVICE_FAMILY = "1,2";
				TEST_HOST = "$(BUILT_PRODUCTS_DIR)/ISS_Journey.app/$(BUNDLE_EXECUTABLE_FOLDER_PATH)/ISS_Journey";
			};
			name = Debug;
		};
		40858EEC2A5A66C000626202 /* Release */ = {
			isa = XCBuildConfiguration;
			buildSettings = {
				ALWAYS_EMBED_SWIFT_STANDARD_LIBRARIES = YES;
				BUNDLE_LOADER = "$(TEST_HOST)";
				CODE_SIGN_STYLE = Automatic;
				CURRENT_PROJECT_VERSION = 1;
				GENERATE_INFOPLIST_FILE = YES;
				IPHONEOS_DEPLOYMENT_TARGET = 16.4;
				MARKETING_VERSION = 1.0;
				PRODUCT_BUNDLE_IDENTIFIER = "ISSjourney.ISS-JourneyTests";
				PRODUCT_NAME = "$(TARGET_NAME)";
				SWIFT_EMIT_LOC_STRINGS = NO;
				SWIFT_VERSION = 5.0;
				TARGETED_DEVICE_FAMILY = "1,2";
				TEST_HOST = "$(BUILT_PRODUCTS_DIR)/ISS_Journey.app/$(BUNDLE_EXECUTABLE_FOLDER_PATH)/ISS_Journey";
			};
			name = Release;
		};
		40858EEE2A5A66C000626202 /* Debug */ = {
			isa = XCBuildConfiguration;
			buildSettings = {
				ALWAYS_EMBED_SWIFT_STANDARD_LIBRARIES = YES;
				CODE_SIGN_STYLE = Automatic;
				CURRENT_PROJECT_VERSION = 1;
				GENERATE_INFOPLIST_FILE = YES;
				MARKETING_VERSION = 1.0;
				PRODUCT_BUNDLE_IDENTIFIER = "ISSjourney.ISS-JourneyUITests";
				PRODUCT_NAME = "$(TARGET_NAME)";
				SWIFT_EMIT_LOC_STRINGS = NO;
				SWIFT_VERSION = 5.0;
				TARGETED_DEVICE_FAMILY = "1,2";
				TEST_TARGET_NAME = ISS_Journey;
			};
			name = Debug;
		};
		40858EEF2A5A66C000626202 /* Release */ = {
			isa = XCBuildConfiguration;
			buildSettings = {
				ALWAYS_EMBED_SWIFT_STANDARD_LIBRARIES = YES;
				CODE_SIGN_STYLE = Automatic;
				CURRENT_PROJECT_VERSION = 1;
				GENERATE_INFOPLIST_FILE = YES;
				MARKETING_VERSION = 1.0;
				PRODUCT_BUNDLE_IDENTIFIER = "ISSjourney.ISS-JourneyUITests";
				PRODUCT_NAME = "$(TARGET_NAME)";
				SWIFT_EMIT_LOC_STRINGS = NO;
				SWIFT_VERSION = 5.0;
				TARGETED_DEVICE_FAMILY = "1,2";
				TEST_TARGET_NAME = ISS_Journey;
			};
			name = Release;
		};
/* End XCBuildConfiguration section */

/* Begin XCConfigurationList section */
		40858EB82A5A66BF00626202 /* Build configuration list for PBXProject "ISS_Journey" */ = {
			isa = XCConfigurationList;
			buildConfigurations = (
				40858EE52A5A66C000626202 /* Debug */,
				40858EE62A5A66C000626202 /* Release */,
			);
			defaultConfigurationIsVisible = 0;
			defaultConfigurationName = Release;
		};
		40858EE72A5A66C000626202 /* Build configuration list for PBXNativeTarget "ISS_Journey" */ = {
			isa = XCConfigurationList;
			buildConfigurations = (
				40858EE82A5A66C000626202 /* Debug */,
				40858EE92A5A66C000626202 /* Release */,
			);
			defaultConfigurationIsVisible = 0;
			defaultConfigurationName = Release;
		};
		40858EEA2A5A66C000626202 /* Build configuration list for PBXNativeTarget "ISS_JourneyTests" */ = {
			isa = XCConfigurationList;
			buildConfigurations = (
				40858EEB2A5A66C000626202 /* Debug */,
				40858EEC2A5A66C000626202 /* Release */,
			);
			defaultConfigurationIsVisible = 0;
			defaultConfigurationName = Release;
		};
		40858EED2A5A66C000626202 /* Build configuration list for PBXNativeTarget "ISS_JourneyUITests" */ = {
			isa = XCConfigurationList;
			buildConfigurations = (
				40858EEE2A5A66C000626202 /* Debug */,
				40858EEF2A5A66C000626202 /* Release */,
			);
			defaultConfigurationIsVisible = 0;
			defaultConfigurationName = Release;
		};
/* End XCConfigurationList section */

/* Begin XCVersionGroup section */
		40858ECB2A5A66C000626202 /* ISS_Journey.xcdatamodeld */ = {
			isa = XCVersionGroup;
			children = (
				40858ECC2A5A66C000626202 /* ISS_Journey.xcdatamodel */,
			);
			currentVersion = 40858ECC2A5A66C000626202 /* ISS_Journey.xcdatamodel */;
			path = ISS_Journey.xcdatamodeld;
			sourceTree = "<group>";
			versionGroupType = wrapper.xcdatamodel;
		};
/* End XCVersionGroup section */
	};
	rootObject = 40858EB52A5A66BF00626202 /* Project object */;
}
